
Microsoft Visual Studio Solution File, Format Version 12.00
# Visual Studio 14
VisualStudioVersion = 14.0.25420.1
MinimumVisualStudioVersion = 10.0.40219.1
Project("{E24C65DC-7377-472B-9ABA-BC803B73C61A}") = "GabssaRH", "..\..\..\..\..\..\Workspace\Becarios\GabssaRH\", "{1E5B2C0D-650C-4446-AD2C-107229076ABE}"
	ProjectSection(WebsiteProperties) = preProject
		TargetFrameworkMoniker = ".NETFramework,Version%3Dv4.5.2"
		Debug.AspNetCompiler.VirtualPath = "/localhost_25442"
		Debug.AspNetCompiler.PhysicalPath = "..\..\..\..\..\..\Workspace\Becarios\GabssaRH\"
		Debug.AspNetCompiler.TargetPath = "PrecompiledWeb\localhost_25442\"
		Debug.AspNetCompiler.Updateable = "true"
		Debug.AspNetCompiler.ForceOverwrite = "true"
		Debug.AspNetCompiler.FixedNames = "false"
		Debug.AspNetCompiler.Debug = "True"
		Release.AspNetCompiler.VirtualPath = "/localhost_25442"
		Release.AspNetCompiler.PhysicalPath = "..\..\..\..\..\..\Workspace\Becarios\GabssaRH\"
		Release.AspNetCompiler.TargetPath = "PrecompiledWeb\localhost_25442\"
		Release.AspNetCompiler.Updateable = "true"
		Release.AspNetCompiler.ForceOverwrite = "true"
		Release.AspNetCompiler.FixedNames = "false"
		Release.AspNetCompiler.Debug = "False"
		VWDPort = "25442"
		SlnRelativePath = "..\..\..\..\..\..\Workspace\Becarios\GabssaRH\"
		DefaultWebSiteLanguage = "Visual Basic"
	EndProjectSection
EndProject
Global
	GlobalSection(SolutionConfigurationPlatforms) = preSolution
		Debug|Any CPU = Debug|Any CPU
	EndGlobalSection
	GlobalSection(ProjectConfigurationPlatforms) = postSolution
		{1E5B2C0D-650C-4446-AD2C-107229076ABE}.Debug|Any CPU.ActiveCfg = Debug|Any CPU
		{1E5B2C0D-650C-4446-AD2C-107229076ABE}.Debug|Any CPU.Build.0 = Debug|Any CPU
	EndGlobalSection
	GlobalSection(SolutionProperties) = preSolution
		HideSolutionNode = FALSE
	EndGlobalSection
EndGlobal
